
Microsoft Visual Studio Solution File, Format Version 12.00
# Visual Studio Version 17
VisualStudioVersion = 17.5.33424.131
MinimumVisualStudioVersion = 10.0.40219.1
Project("{FAE04EC0-301F-11D3-BF4B-00C04F79EFBC}") = "Revisao_Prova4º", "Revisao_Prova4º\Revisao_Prova4º.csproj", "{32256194-63AE-448A-8631-09842B9FFE7F}"
EndProject
Global
	GlobalSection(SolutionConfigurationPlatforms) = preSolution
		Debug|Any CPU = Debug|Any CPU
		Release|Any CPU = Release|Any CPU
	EndGlobalSection
	GlobalSection(ProjectConfigurationPlatforms) = postSolution
		{32256194-63AE-448A-8631-09842B9FFE7F}.Debug|Any CPU.ActiveCfg = Debug|Any CPU
		{32256194-63AE-448A-8631-09842B9FFE7F}.Debug|Any CPU.Build.0 = Debug|Any CPU
		{32256194-63AE-448A-8631-09842B9FFE7F}.Release|Any CPU.ActiveCfg = Release|Any CPU
		{32256194-63AE-448A-8631-09842B9FFE7F}.Release|Any CPU.Build.0 = Release|Any CPU
	EndGlobalSection
	GlobalSection(SolutionProperties) = preSolution
		HideSolutionNode = FALSE
	EndGlobalSection
	GlobalSection(ExtensibilityGlobals) = postSolution
		SolutionGuid = {5CED6B9C-C229-4CFA-9C91-E9BC5B993B43}
	EndGlobalSection
EndGlobal
